<?xml version="1.0" encoding="utf-8"?>
<Project ToolsVersion="4.0" xmlns="http://schemas.microsoft.com/developer/msbuild/2003">
  <ItemGroup>
    <Filter Include="소스 파일">
      <UniqueIdentifier>{4FC737F1-C7A5-4376-A066-2A32D752A2FF}</UniqueIdentifier>
      <Extensions>cpp;c;cc;cxx;def;odl;idl;hpj;bat;asm;asmx</Extensions>
    </Filter>
    <Filter Include="헤더 파일">
      <UniqueIdentifier>{93995380-89BD-4b04-88EB-625FBE52EBFB}</UniqueIdentifier>
      <Extensions>h;hh;hpp;hxx;hm;inl;inc;ipp;xsd</Extensions>
    </Filter>
    <Filter Include="리소스 파일">
      <UniqueIdentifier>{67DA6AB6-F800-4c08-8B7A-83BB121AAD01}</UniqueIdentifier>
      <Extensions>rc;ico;cur;bmp;dlg;rc2;rct;bin;rgs;gif;jpg;jpeg;jpe;resx;tiff;tif;png;wav;mfcribbon-ms</Extensions>
    </Filter>
    <Filter Include="소스 파일\ChipsEngine">
      <UniqueIdentifier>{5a05262f-c6ba-4790-abe3-fbf260440cb6}</UniqueIdentifier>
    </Filter>
    <Filter Include="소스 파일\ChipsEngine\PCH">
      <UniqueIdentifier>{0d44e4b2-08a3-4961-9474-179c6cc30ddd}</UniqueIdentifier>
    </Filter>
    <Filter Include="소스 파일\ChipsEngine\TinyXml2">
      <UniqueIdentifier>{47d72134-5d7f-4094-b195-cc4162916d8c}</UniqueIdentifier>
    </Filter>
    <Filter Include="소스 파일\ChipsEngine\Fx">
      <UniqueIdentifier>{86a049e4-4d4a-4bd5-8050-198cfbf8814e}</UniqueIdentifier>
    </Filter>
    <Filter Include="소스 파일\ChipsEngine\ChipsSystem">
      <UniqueIdentifier>{e6d8e92a-2e5a-4dfb-9b16-e92291736ad3}</UniqueIdentifier>
    </Filter>
    <Filter Include="소스 파일\ChipsEngine\ChipsSystem\BasicFrame">
      <UniqueIdentifier>{62b9e0be-551d-4779-91ad-8d984b724f57}</UniqueIdentifier>
    </Filter>
    <Filter Include="소스 파일\ChipsEngine\ChipsSystem\Components">
      <UniqueIdentifier>{e58570e5-1612-4075-81ca-f69eef0db3cc}</UniqueIdentifier>
    </Filter>
    <Filter Include="소스 파일\ChipsEngine\ChipsSystem\Components\BasicComponents">
      <UniqueIdentifier>{e9890eb4-3e32-4380-bc4d-717905ca3b04}</UniqueIdentifier>
    </Filter>
    <Filter Include="소스 파일\ChipsEngine\ChipsSystem\Components\LightComponents">
      <UniqueIdentifier>{3ab3e046-d180-4ec6-9b09-e1c9936d9d9b}</UniqueIdentifier>
    </Filter>
    <Filter Include="소스 파일\ChipsEngine\ChipsSystem\Components\UIComponents">
      <UniqueIdentifier>{5116f4dd-b48e-433c-99e1-355ed6399eef}</UniqueIdentifier>
    </Filter>
    <Filter Include="소스 파일\ChipsEngine\ChipsSystem\Components\RendererComponents">
      <UniqueIdentifier>{e1c62d43-b31f-45b0-b18d-90cc932874df}</UniqueIdentifier>
    </Filter>
    <Filter Include="소스 파일\ChipsEngine\ChipsSystem\Components\ColliderComponents">
      <UniqueIdentifier>{ce08610a-96cf-415c-a380-d70f69c45a8b}</UniqueIdentifier>
    </Filter>
    <Filter Include="소스 파일\ChipsEngine\ChipsSystem\Manager">
      <UniqueIdentifier>{66e1c688-4c5f-44ed-bba8-4902dd669cb8}</UniqueIdentifier>
    </Filter>
    <Filter Include="소스 파일\ChipsEngine\ChipsSystem\Etc">
      <UniqueIdentifier>{dadc510c-3ead-47f5-a3bb-30b0ce4b66b4}</UniqueIdentifier>
    </Filter>
    <Filter Include="소스 파일\ChipsEngine\ChipsSystem\Time">
      <UniqueIdentifier>{ef78111d-51a3-4ee6-b871-43659de47edb}</UniqueIdentifier>
    </Filter>
    <Filter Include="소스 파일\ChipsEngine\ChipsSystem\Global">
      <UniqueIdentifier>{83da6f54-921a-4dc3-ae08-a7e1ff3d9c14}</UniqueIdentifier>
    </Filter>
    <Filter Include="소스 파일\ChipsEngine\ChipsSystem\Camera">
      <UniqueIdentifier>{032db6a9-70e8-4c57-a4f4-5b93dcc531a5}</UniqueIdentifier>
    </Filter>
    <Filter Include="소스 파일\ChipsEngine\DirectX">
      <UniqueIdentifier>{9a2af197-6f5a-404d-b4fc-9db5a52e6e2a}</UniqueIdentifier>
    </Filter>
    <Filter Include="소스 파일\ChipsEngine\DirectX\Effects">
      <UniqueIdentifier>{2f1d8579-14ad-4288-bbae-c4568c7fec46}</UniqueIdentifier>
    </Filter>
    <Filter Include="소스 파일\ChipsEngine\DirectX\Light">
      <UniqueIdentifier>{4cb226f3-b83e-4ecb-958f-e8121cab75a7}</UniqueIdentifier>
    </Filter>
    <Filter Include="소스 파일\ChipsEngine\DirectX\MeshGenerator">
      <UniqueIdentifier>{4c9bc33a-b787-43f2-b78d-b760c79cb1a7}</UniqueIdentifier>
    </Filter>
    <Filter Include="헤더 파일\ChipsEngine">
      <UniqueIdentifier>{6851e064-0732-47ba-8fc4-f1baa032fa59}</UniqueIdentifier>
    </Filter>
    <Filter Include="헤더 파일\ChipsEngine\DirectX">
      <UniqueIdentifier>{58c5cab7-c2f0-4110-b8b3-4653526ca773}</UniqueIdentifier>
    </Filter>
    <Filter Include="헤더 파일\ChipsEngine\DirectX\Effects">
      <UniqueIdentifier>{67273127-8024-4d39-a0a0-503b444438a1}</UniqueIdentifier>
    </Filter>
    <Filter Include="헤더 파일\ChipsEngine\DirectX\Light">
      <UniqueIdentifier>{cf5b8c57-e063-4e20-9e76-729bd978d419}</UniqueIdentifier>
    </Filter>
    <Filter Include="헤더 파일\ChipsEngine\DirectX\DirectXTex">
      <UniqueIdentifier>{6fd55041-9654-4ae4-89d7-379f6ba5010f}</UniqueIdentifier>
    </Filter>
    <Filter Include="헤더 파일\ChipsEngine\DirectX\DirectX11Effect">
      <UniqueIdentifier>{2eb79ad2-8ece-4758-a1e6-75cb5fdc418c}</UniqueIdentifier>
    </Filter>
    <Filter Include="헤더 파일\ChipsEngine\DirectX\MeshGenerator">
      <UniqueIdentifier>{7746f739-0296-4e9c-8c4f-412f785b2b38}</UniqueIdentifier>
    </Filter>
    <Filter Include="헤더 파일\ChipsEngine\DirectX\Fmod">
      <UniqueIdentifier>{127348b9-6715-4adc-aa1c-e6039ecf3d4d}</UniqueIdentifier>
    </Filter>
    <Filter Include="헤더 파일\ChipsEngine\ChipsSystem">
      <UniqueIdentifier>{b99295d5-8ed9-4ec3-abac-7f5419a406c4}</UniqueIdentifier>
    </Filter>
    <Filter Include="헤더 파일\ChipsEngine\ChipsSystem\BasicFrame">
      <UniqueIdentifier>{4a7106bb-4332-4b14-a24f-14c63c8d7706}</UniqueIdentifier>
    </Filter>
    <Filter Include="헤더 파일\ChipsEngine\ChipsSystem\Components">
      <UniqueIdentifier>{9478075c-de8a-4e89-978b-1166ce826792}</UniqueIdentifier>
    </Filter>
    <Filter Include="헤더 파일\ChipsEngine\ChipsSystem\Components\BasicComponents">
      <UniqueIdentifier>{bbff7461-9111-4a32-9df9-b86bd77f1e6d}</UniqueIdentifier>
    </Filter>
    <Filter Include="헤더 파일\ChipsEngine\ChipsSystem\Components\RendererComponents">
      <UniqueIdentifier>{2d0120bf-9770-4c53-ac8a-ed7e19692147}</UniqueIdentifier>
    </Filter>
    <Filter Include="헤더 파일\ChipsEngine\ChipsSystem\Components\LightComponents">
      <UniqueIdentifier>{0b9b8861-bba3-441e-b498-e11a1f19e862}</UniqueIdentifier>
    </Filter>
    <Filter Include="헤더 파일\ChipsEngine\ChipsSystem\Components\UIComponents">
      <UniqueIdentifier>{ab4f8fec-456a-411d-9e9a-ef0b387d896e}</UniqueIdentifier>
    </Filter>
    <Filter Include="헤더 파일\ChipsEngine\ChipsSystem\Components\ColliderComponents">
      <UniqueIdentifier>{ff24a924-cfac-4a55-aa64-6a3d2f6a409e}</UniqueIdentifier>
    </Filter>
    <Filter Include="헤더 파일\ChipsEngine\ChipsSystem\Manager">
      <UniqueIdentifier>{7316a0dc-8fbf-41fb-9cd3-949697d62a4a}</UniqueIdentifier>
    </Filter>
    <Filter Include="헤더 파일\ChipsEngine\ChipsSystem\Etc">
      <UniqueIdentifier>{67721afb-3b48-495f-b56f-5bfbb52d3a50}</UniqueIdentifier>
    </Filter>
    <Filter Include="헤더 파일\ChipsEngine\ChipsSystem\Time">
      <UniqueIdentifier>{73f2c164-1857-460d-bb01-88d47177cca5}</UniqueIdentifier>
    </Filter>
    <Filter Include="헤더 파일\ChipsEngine\ChipsSystem\Camera">
      <UniqueIdentifier>{8ac2f896-a57d-4e9a-ab4e-1bea18d85de9}</UniqueIdentifier>
    </Filter>
    <Filter Include="헤더 파일\ChipsEngine\ChipsSystem\Global">
      <UniqueIdentifier>{2c44edf2-4e52-499e-b429-0301273ff779}</UniqueIdentifier>
    </Filter>
    <Filter Include="헤더 파일\ChipsEngine\PCH">
      <UniqueIdentifier>{bd52ba1b-87b7-43ab-94f6-e0dc9501c0a7}</UniqueIdentifier>
    </Filter>
    <Filter Include="헤더 파일\ChipsEngine\TinyXml2">
      <UniqueIdentifier>{bf489871-3f2c-4f59-b228-224eee0972f1}</UniqueIdentifier>
    </Filter>
    <Filter Include="소스 파일\Demo">
      <UniqueIdentifier>{eed56279-e0d3-413f-a5b6-11f1d8c3c14b}</UniqueIdentifier>
    </Filter>
    <Filter Include="소스 파일\Demo\Scene">
      <UniqueIdentifier>{973d6f17-de4e-4bd8-bc61-5f53abb63d70}</UniqueIdentifier>
    </Filter>
    <Filter Include="헤더 파일\Demo">
      <UniqueIdentifier>{bbd7ae5a-e00b-4258-ab50-fe4d2287a04b}</UniqueIdentifier>
    </Filter>
    <Filter Include="헤더 파일\Demo\Scene">
      <UniqueIdentifier>{6617a781-1f0b-43ec-b98c-22829bbf4b82}</UniqueIdentifier>
    </Filter>
  </ItemGroup>
  <ItemGroup>
    <ClInclude Include="02_Script\PCH\stdafx.h">
      <Filter>헤더 파일\ChipsEngine\PCH</Filter>
    </ClInclude>
    <ClInclude Include="02_Script\DirectX\Effects\Effects.h">
      <Filter>헤더 파일\ChipsEngine\DirectX\Effects</Filter>
    </ClInclude>
    <ClInclude Include="02_Script\DirectX\Light\Light.h">
      <Filter>헤더 파일\ChipsEngine\DirectX\Light</Filter>
    </ClInclude>
    <ClInclude Include="02_Script\DirectX\DirectXTex\DirectXTex.h">
      <Filter>헤더 파일\ChipsEngine\DirectX\DirectXTex</Filter>
    </ClInclude>
    <ClInclude Include="02_Script\DirectX\DirectX11Effect\d3dx11effect.h">
      <Filter>헤더 파일\ChipsEngine\DirectX\DirectX11Effect</Filter>
    </ClInclude>
    <ClInclude Include="02_Script\DirectX\Effects\LightHelper.h">
      <Filter>헤더 파일\ChipsEngine\DirectX\Effects</Filter>
    </ClInclude>
    <ClInclude Include="02_Script\Fmod\fmod.h">
      <Filter>헤더 파일\ChipsEngine\DirectX\Fmod</Filter>
    </ClInclude>
    <ClInclude Include="02_Script\Fmod\fmod.hpp">
      <Filter>헤더 파일\ChipsEngine\DirectX\Fmod</Filter>
    </ClInclude>
    <ClInclude Include="02_Script\Fmod\fmod_codec.h">
      <Filter>헤더 파일\ChipsEngine\DirectX\Fmod</Filter>
    </ClInclude>
    <ClInclude Include="02_Script\Fmod\fmod_dsp.h">
      <Filter>헤더 파일\ChipsEngine\DirectX\Fmod</Filter>
    </ClInclude>
    <ClInclude Include="02_Script\Fmod\fmod_errors.h">
      <Filter>헤더 파일\ChipsEngine\DirectX\Fmod</Filter>
    </ClInclude>
    <ClInclude Include="02_Script\Fmod\fmod_memoryinfo.h">
      <Filter>헤더 파일\ChipsEngine\DirectX\Fmod</Filter>
    </ClInclude>
    <ClInclude Include="02_Script\Fmod\fmod_output.h">
      <Filter>헤더 파일\ChipsEngine\DirectX\Fmod</Filter>
    </ClInclude>
    <ClInclude Include="02_Script\DirectX\Effects\RenderStates.h">
      <Filter>헤더 파일\ChipsEngine\DirectX\Effects</Filter>
    </ClInclude>
    <ClInclude Include="02_Script\DirectX\MeshGenerator\MeshGenerator.h">
      <Filter>헤더 파일\ChipsEngine\DirectX\MeshGenerator</Filter>
    </ClInclude>
    <ClInclude Include="02_Script\TinyXml2\tinyxml2.h">
      <Filter>헤더 파일\ChipsEngine\TinyXml2</Filter>
    </ClInclude>
    <ClInclude Include="02_Script\ChipsSystem\BasicFrame\GameObject.h">
      <Filter>헤더 파일\ChipsEngine\ChipsSystem\BasicFrame</Filter>
    </ClInclude>
    <ClInclude Include="02_Script\ChipsSystem\BasicFrame\IEngineFrame.h">
      <Filter>헤더 파일\ChipsEngine\ChipsSystem\BasicFrame</Filter>
    </ClInclude>
    <ClInclude Include="02_Script\ChipsSystem\Components\BaiscComponents\Transform.h">
      <Filter>헤더 파일\ChipsEngine\ChipsSystem\Components\BasicComponents</Filter>
    </ClInclude>
    <ClInclude Include="02_Script\ChipsSystem\Etc\Mathf.h">
      <Filter>헤더 파일\ChipsEngine\ChipsSystem\Etc</Filter>
    </ClInclude>
    <ClInclude Include="02_Script\ChipsSystem\Etc\Singleton.h">
      <Filter>헤더 파일\ChipsEngine\ChipsSystem\Etc</Filter>
    </ClInclude>
    <ClInclude Include="02_Script\ChipsSystem\Etc\StringLib.h">
      <Filter>헤더 파일\ChipsEngine\ChipsSystem\Etc</Filter>
    </ClInclude>
    <ClInclude Include="02_Script\ChipsSystem\Components\RendererComponents\ParticleRenderer.h">
      <Filter>헤더 파일\ChipsEngine\ChipsSystem\Components\RendererComponents</Filter>
    </ClInclude>
    <ClInclude Include="02_Script\ChipsSystem\Components\RendererComponents\SkyRenderer.h">
      <Filter>헤더 파일\ChipsEngine\ChipsSystem\Components\RendererComponents</Filter>
    </ClInclude>
    <ClInclude Include="02_Script\ChipsSystem\Components\RendererComponents\TextRenderer.h">
      <Filter>헤더 파일\ChipsEngine\ChipsSystem\Components\RendererComponents</Filter>
    </ClInclude>
    <ClInclude Include="02_Script\ChipsSystem\Manager\ScheduleManager.h">
      <Filter>헤더 파일\ChipsEngine\ChipsSystem\Manager</Filter>
    </ClInclude>
    <ClInclude Include="02_Script\ChipsSystem\Time\Time.h">
      <Filter>헤더 파일\ChipsEngine\ChipsSystem\Time</Filter>
    </ClInclude>
    <ClInclude Include="02_Script\ChipsSystem\BasicFrame\Scene.h">
      <Filter>헤더 파일\ChipsEngine\ChipsSystem\BasicFrame</Filter>
    </ClInclude>
    <ClInclude Include="02_Script\ChipsSystem\BasicFrame\Application.h">
      <Filter>헤더 파일\ChipsEngine\ChipsSystem\BasicFrame</Filter>
    </ClInclude>
    <ClInclude Include="02_Script\ChipsSystem\Etc\Debug.h">
      <Filter>헤더 파일\ChipsEngine\ChipsSystem\Etc</Filter>
    </ClInclude>
    <ClInclude Include="02_Script\ChipsSystem\Manager\LightManager.h">
      <Filter>헤더 파일\ChipsEngine\ChipsSystem\Manager</Filter>
    </ClInclude>
    <ClInclude Include="02_Script\ChipsSystem\Components\LightComponents\DirectionalLight.h">
      <Filter>헤더 파일\ChipsEngine\ChipsSystem\Components\LightComponents</Filter>
    </ClInclude>
    <ClInclude Include="02_Script\ChipsSystem\Components\LightComponents\PointLight.h">
      <Filter>헤더 파일\ChipsEngine\ChipsSystem\Components\LightComponents</Filter>
    </ClInclude>
    <ClInclude Include="02_Script\ChipsSystem\Components\LightComponents\SpotLight.h">
      <Filter>헤더 파일\ChipsEngine\ChipsSystem\Components\LightComponents</Filter>
    </ClInclude>
    <ClInclude Include="02_Script\ChipsSystem\Components\RendererComponents\BoxRenderer.h">
      <Filter>헤더 파일\ChipsEngine\ChipsSystem\Components\RendererComponents</Filter>
    </ClInclude>
    <ClInclude Include="02_Script\ChipsSystem\Components\RendererComponents\SphereRenderer.h">
      <Filter>헤더 파일\ChipsEngine\ChipsSystem\Components\RendererComponents</Filter>
    </ClInclude>
    <ClInclude Include="02_Script\ChipsSystem\Components\RendererComponents\CylinderRenderer.h">
      <Filter>헤더 파일\ChipsEngine\ChipsSystem\Components\RendererComponents</Filter>
    </ClInclude>
    <ClInclude Include="02_Script\ChipsSystem\Camera\Camera.h">
      <Filter>헤더 파일\ChipsEngine\ChipsSystem\Camera</Filter>
    </ClInclude>
    <ClInclude Include="02_Script\ChipsSystem\Global\Global.h">
      <Filter>헤더 파일\ChipsEngine\ChipsSystem\Global</Filter>
    </ClInclude>
    <ClInclude Include="02_Script\ChipsSystem\Etc\FbxLoader.h">
      <Filter>헤더 파일\ChipsEngine\ChipsSystem\Etc</Filter>
    </ClInclude>
    <ClInclude Include="02_Script\ChipsSystem\Manager\ParticleManager.h">
      <Filter>헤더 파일\ChipsEngine\ChipsSystem\Manager</Filter>
    </ClInclude>
    <ClInclude Include="02_Script\ChipsSystem\Components\RendererComponents\FbxRenderer.h">
      <Filter>헤더 파일\ChipsEngine\ChipsSystem\Components\RendererComponents</Filter>
    </ClInclude>
    <ClInclude Include="02_Script\ChipsSystem\Manager\TextManager.h">
      <Filter>헤더 파일\ChipsEngine\ChipsSystem\Manager</Filter>
    </ClInclude>
    <ClInclude Include="02_Script\ChipsSystem\Manager\UIManager.h">
      <Filter>헤더 파일\ChipsEngine\ChipsSystem\Manager</Filter>
    </ClInclude>
    <ClInclude Include="02_Script\ChipsSystem\Components\RendererComponents\AMeshRenderer.h">
      <Filter>헤더 파일\ChipsEngine\ChipsSystem\Components\RendererComponents</Filter>
    </ClInclude>
    <ClInclude Include="02_Script\ChipsSystem\BasicFrame\AComponent.h">
      <Filter>헤더 파일\ChipsEngine\ChipsSystem\BasicFrame</Filter>
    </ClInclude>
    <ClInclude Include="02_Script\ChipsSystem\Components\UIComponents\AUIRenderer.h">
      <Filter>헤더 파일\ChipsEngine\ChipsSystem\Components\UIComponents</Filter>
    </ClInclude>
    <ClInclude Include="02_Script\ChipsSystem\Components\UIComponents\ImageUIRenderer.h">
      <Filter>헤더 파일\ChipsEngine\ChipsSystem\Components\UIComponents</Filter>
    </ClInclude>
    <ClInclude Include="02_Script\ChipsSystem\Components\UIComponents\TextUIRenderer.h">
      <Filter>헤더 파일\ChipsEngine\ChipsSystem\Components\UIComponents</Filter>
    </ClInclude>
    <ClInclude Include="02_Script\ChipsSystem\Components\UIComponents\UIButton.h">
      <Filter>헤더 파일\ChipsEngine\ChipsSystem\Components\UIComponents</Filter>
    </ClInclude>
    <ClInclude Include="02_Script\ChipsSystem\Manager\PhysxManager.h">
      <Filter>헤더 파일\ChipsEngine\ChipsSystem\Manager</Filter>
    </ClInclude>
    <ClInclude Include="02_Script\ChipsSystem\Components\ColliderComponents\ACollider.h">
      <Filter>헤더 파일\ChipsEngine\ChipsSystem\Components\ColliderComponents</Filter>
    </ClInclude>
    <ClInclude Include="02_Script\ChipsSystem\Components\ColliderComponents\BoxCollider.h">
      <Filter>헤더 파일\ChipsEngine\ChipsSystem\Components\ColliderComponents</Filter>
    </ClInclude>
    <ClInclude Include="02_Script\ChipsSystem\Components\ColliderComponents\SphereCollider.h">
      <Filter>헤더 파일\ChipsEngine\ChipsSystem\Components\ColliderComponents</Filter>
    </ClInclude>
    <ClInclude Include="02_Script\ChipsSystem\Components\BaiscComponents\Rigidbody.h">
      <Filter>헤더 파일\ChipsEngine\ChipsSystem\Components\BasicComponents</Filter>
    </ClInclude>
    <ClInclude Include="02_Script\ChipsSystem\Components\ColliderComponents\CapsuleCollider.h">
      <Filter>헤더 파일\ChipsEngine\ChipsSystem\Components\ColliderComponents</Filter>
    </ClInclude>
    <ClInclude Include="02_Script\ChipsSystem\Components\ColliderComponents\MeshCollider.h">
      <Filter>헤더 파일\ChipsEngine\ChipsSystem\Components\ColliderComponents</Filter>
    </ClInclude>
    <ClInclude Include="02_Script\ChipsSystem\Components\ColliderComponents\PlaneCollider.h">
      <Filter>헤더 파일\ChipsEngine\ChipsSystem\Components\ColliderComponents</Filter>
    </ClInclude>
    <ClInclude Include="02_Script\ChipsSystem\Components\RendererComponents\PlaneRenderer.h">
      <Filter>헤더 파일\ChipsEngine\ChipsSystem\Components\RendererComponents</Filter>
    </ClInclude>
    <ClInclude Include="02_Script\ChipsSystem\Etc\ChipsCallbacks.h">
      <Filter>헤더 파일\ChipsEngine\ChipsSystem\Etc</Filter>
    </ClInclude>
    <ClInclude Include="02_Script\ChipsSystem\Etc\LayerMask.h">
      <Filter>헤더 파일\ChipsEngine\ChipsSystem\Etc</Filter>
    </ClInclude>
    <ClInclude Include="02_Script\ChipsSystem\Components\RendererComponents\CapsuleRenderer.h">
      <Filter>헤더 파일\ChipsEngine\ChipsSystem\Components\RendererComponents</Filter>
    </ClInclude>
    <ClInclude Include="02_Script\ChipsSystem\Components\ColliderComponents\ConvexMeshCollider.h">
      <Filter>헤더 파일\ChipsEngine\ChipsSystem\Components\ColliderComponents</Filter>
    </ClInclude>
    <ClInclude Include="02_Script\ChipsSystem\Etc\Input.h">
      <Filter>헤더 파일\ChipsEngine\ChipsSystem\Etc</Filter>
    </ClInclude>
    <ClInclude Include="02_Script\ChipsSystem\Manager\GraphicManager.h">
      <Filter>헤더 파일\ChipsEngine\ChipsSystem\Manager</Filter>
    </ClInclude>
    <ClInclude Include="02_Script\ChipsSystem\Manager\BuildManager.h">
      <Filter>헤더 파일\ChipsEngine\ChipsSystem\Manager</Filter>
    </ClInclude>
    <ClInclude Include="02_Script\ChipsSystem\Components\RendererComponents\SkinRenderer.h">
      <Filter>헤더 파일\ChipsEngine\ChipsSystem\Components\RendererComponents</Filter>
    </ClInclude>
    <ClInclude Include="02_Script\ChipsSystem\Components\BaiscComponents\Animator.h">
      <Filter>헤더 파일\ChipsEngine\ChipsSystem\Components\BasicComponents</Filter>
    </ClInclude>
    <ClInclude Include="02_Script\ChipsSystem\Components\BaiscComponents\AudioSource.h">
      <Filter>헤더 파일\ChipsEngine\ChipsSystem\Components\BasicComponents</Filter>
    </ClInclude>
    <ClInclude Include="02_Script\ChipsEninge.h">
      <Filter>헤더 파일\ChipsEngine</Filter>
    </ClInclude>
    <ClInclude Include="02_Script\Resource.h">
      <Filter>헤더 파일\ChipsEngine</Filter>
    </ClInclude>
    <ClInclude Include="02_Script\targetver.h">
      <Filter>헤더 파일\ChipsEngine</Filter>
    </ClInclude>
    <ClInclude Include="02_Script\ChipsSystem\Components\RendererComponents\QuadRenderer.h">
      <Filter>헤더 파일\ChipsEngine\ChipsSystem\Components\RendererComponents</Filter>
    </ClInclude>
    <ClInclude Include="02_Script\Demo\Scene\HouseScene.h">
      <Filter>헤더 파일\Demo\Scene</Filter>
    </ClInclude>
    <ClInclude Include="02_Script\Demo\Scene\StartScene.h">
      <Filter>헤더 파일\Demo\Scene</Filter>
    </ClInclude>
  </ItemGroup>
  <ItemGroup>
    <ClCompile Include="02_Script\PCH\stdafx.cpp">
      <Filter>소스 파일\ChipsEngine\PCH</Filter>
    </ClCompile>
    <ClCompile Include="02_Script\DirectX\Light\Light.cpp">
      <Filter>소스 파일\ChipsEngine\DirectX\Light</Filter>
    </ClCompile>
    <ClCompile Include="02_Script\DirectX\Effects\Effects.cpp">
      <Filter>소스 파일\ChipsEngine\DirectX\Effects</Filter>
    </ClCompile>
    <ClCompile Include="02_Script\DirectX\Effects\LightHelper.cpp">
      <Filter>소스 파일\ChipsEngine\DirectX\Effects</Filter>
    </ClCompile>
    <ClCompile Include="02_Script\DirectX\Effects\RenderStates.cpp">
      <Filter>소스 파일\ChipsEngine\DirectX\Effects</Filter>
    </ClCompile>
    <ClCompile Include="02_Script\DirectX\MeshGenerator\MeshGenerator.cpp">
      <Filter>소스 파일\ChipsEngine\DirectX\MeshGenerator</Filter>
    </ClCompile>
    <ClCompile Include="02_Script\TinyXml2\tinyxml2.cpp">
      <Filter>소스 파일\ChipsEngine\TinyXml2</Filter>
    </ClCompile>
    <ClCompile Include="02_Script\ChipsSystem\Components\BaiscComponents\Transform.cpp">
      <Filter>소스 파일\ChipsEngine\ChipsSystem\Components\BasicComponents</Filter>
    </ClCompile>
    <ClCompile Include="02_Script\ChipsSystem\Components\RendererComponents\SkyRenderer.cpp">
      <Filter>소스 파일\ChipsEngine\ChipsSystem\Components\RendererComponents</Filter>
    </ClCompile>
    <ClCompile Include="02_Script\ChipsSystem\Components\RendererComponents\TextRenderer.cpp">
      <Filter>소스 파일\ChipsEngine\ChipsSystem\Components\RendererComponents</Filter>
    </ClCompile>
    <ClCompile Include="02_Script\ChipsSystem\Manager\ScheduleManager.cpp">
      <Filter>소스 파일\ChipsEngine\ChipsSystem\Manager</Filter>
    </ClCompile>
    <ClCompile Include="02_Script\ChipsSystem\Time\Time.cpp">
      <Filter>소스 파일\ChipsEngine\ChipsSystem\Time</Filter>
    </ClCompile>
    <ClCompile Include="02_Script\ChipsSystem\BasicFrame\GameObject.cpp">
      <Filter>소스 파일\ChipsEngine\ChipsSystem\BasicFrame</Filter>
    </ClCompile>
    <ClCompile Include="02_Script\ChipsSystem\BasicFrame\Scene.cpp">
      <Filter>소스 파일\ChipsEngine\ChipsSystem\BasicFrame</Filter>
    </ClCompile>
    <ClCompile Include="02_Script\ChipsSystem\BasicFrame\Application.cpp">
      <Filter>소스 파일\ChipsEngine\ChipsSystem\BasicFrame</Filter>
    </ClCompile>
    <ClCompile Include="02_Script\ChipsSystem\Manager\LightManager.cpp">
      <Filter>소스 파일\ChipsEngine\ChipsSystem\Manager</Filter>
    </ClCompile>
    <ClCompile Include="02_Script\ChipsSystem\Components\LightComponents\DirectionalLight.cpp">
      <Filter>소스 파일\ChipsEngine\ChipsSystem\Components\LightComponents</Filter>
    </ClCompile>
    <ClCompile Include="02_Script\ChipsSystem\Components\LightComponents\PointLight.cpp">
      <Filter>소스 파일\ChipsEngine\ChipsSystem\Components\LightComponents</Filter>
    </ClCompile>
    <ClCompile Include="02_Script\ChipsSystem\Components\LightComponents\SpotLight.cpp">
      <Filter>소스 파일\ChipsEngine\ChipsSystem\Components\LightComponents</Filter>
    </ClCompile>
    <ClCompile Include="02_Script\ChipsSystem\Components\RendererComponents\BoxRenderer.cpp">
      <Filter>소스 파일\ChipsEngine\ChipsSystem\Components\RendererComponents</Filter>
    </ClCompile>
    <ClCompile Include="02_Script\ChipsSystem\Components\RendererComponents\SphereRenderer.cpp">
      <Filter>소스 파일\ChipsEngine\ChipsSystem\Components\RendererComponents</Filter>
    </ClCompile>
    <ClCompile Include="02_Script\ChipsSystem\Components\RendererComponents\CylinderRenderer.cpp">
      <Filter>소스 파일\ChipsEngine\ChipsSystem\Components\RendererComponents</Filter>
    </ClCompile>
    <ClCompile Include="02_Script\ChipsSystem\Camera\Camera.cpp">
      <Filter>소스 파일\ChipsEngine\ChipsSystem\Camera</Filter>
    </ClCompile>
    <ClCompile Include="02_Script\ChipsSystem\Global\Global.cpp">
      <Filter>소스 파일\ChipsEngine\ChipsSystem\Global</Filter>
    </ClCompile>
    <ClCompile Include="02_Script\ChipsSystem\Etc\FbxLoader.cpp">
      <Filter>소스 파일\ChipsEngine\ChipsSystem\Etc</Filter>
    </ClCompile>
    <ClCompile Include="02_Script\ChipsSystem\Manager\ParticleManager.cpp">
      <Filter>소스 파일\ChipsEngine\ChipsSystem\Manager</Filter>
    </ClCompile>
    <ClCompile Include="02_Script\ChipsSystem\Components\RendererComponents\FbxRenderer.cpp">
      <Filter>소스 파일\ChipsEngine\ChipsSystem\Components\RendererComponents</Filter>
    </ClCompile>
    <ClCompile Include="02_Script\ChipsSystem\Manager\TextManager.cpp">
      <Filter>소스 파일\ChipsEngine\ChipsSystem\Manager</Filter>
    </ClCompile>
    <ClCompile Include="02_Script\ChipsSystem\Manager\UIManager.cpp">
      <Filter>소스 파일\ChipsEngine\ChipsSystem\Manager</Filter>
    </ClCompile>
    <ClCompile Include="02_Script\ChipsSystem\Components\RendererComponents\AMeshRenderer.cpp">
      <Filter>소스 파일\ChipsEngine\ChipsSystem\Components\RendererComponents</Filter>
    </ClCompile>
    <ClCompile Include="02_Script\ChipsSystem\BasicFrame\AComponent.cpp">
      <Filter>소스 파일\ChipsEngine\ChipsSystem\BasicFrame</Filter>
    </ClCompile>
    <ClCompile Include="02_Script\ChipsSystem\Components\UIComponents\AUIRenderer.cpp">
      <Filter>소스 파일\ChipsEngine\ChipsSystem\Components\UIComponents</Filter>
    </ClCompile>
    <ClCompile Include="02_Script\ChipsSystem\Components\UIComponents\ImageUIRenderer.cpp">
      <Filter>소스 파일\ChipsEngine\ChipsSystem\Components\UIComponents</Filter>
    </ClCompile>
    <ClCompile Include="02_Script\ChipsSystem\Components\UIComponents\TextUIRenderer.cpp">
      <Filter>소스 파일\ChipsEngine\ChipsSystem\Components\UIComponents</Filter>
    </ClCompile>
    <ClCompile Include="02_Script\ChipsSystem\Components\UIComponents\UIButton.cpp">
      <Filter>소스 파일\ChipsEngine\ChipsSystem\Components\UIComponents</Filter>
    </ClCompile>
    <ClCompile Include="02_Script\ChipsSystem\Components\RendererComponents\ParticleRenderer.cpp">
      <Filter>소스 파일\ChipsEngine\ChipsSystem\Components\RendererComponents</Filter>
    </ClCompile>
    <ClCompile Include="02_Script\ChipsSystem\Manager\PhysxManager.cpp">
      <Filter>소스 파일\ChipsEngine\ChipsSystem\Manager</Filter>
    </ClCompile>
    <ClCompile Include="02_Script\ChipsSystem\Components\ColliderComponents\ACollider.cpp">
      <Filter>소스 파일\ChipsEngine\ChipsSystem\Components\ColliderComponents</Filter>
    </ClCompile>
    <ClCompile Include="02_Script\ChipsSystem\Components\ColliderComponents\BoxCollider.cpp">
      <Filter>소스 파일\ChipsEngine\ChipsSystem\Components\ColliderComponents</Filter>
    </ClCompile>
    <ClCompile Include="02_Script\ChipsSystem\Components\ColliderComponents\SphereCollider.cpp">
      <Filter>소스 파일\ChipsEngine\ChipsSystem\Components\ColliderComponents</Filter>
    </ClCompile>
    <ClCompile Include="02_Script\ChipsSystem\Components\BaiscComponents\Rigidbody.cpp">
      <Filter>소스 파일\ChipsEngine\ChipsSystem\Components\BasicComponents</Filter>
    </ClCompile>
    <ClCompile Include="02_Script\ChipsSystem\Components\ColliderComponents\CapsuleCollider.cpp">
      <Filter>소스 파일\ChipsEngine\ChipsSystem\Components\ColliderComponents</Filter>
    </ClCompile>
    <ClCompile Include="02_Script\ChipsSystem\Components\ColliderComponents\MeshCollider.cpp">
      <Filter>소스 파일\ChipsEngine\ChipsSystem\Components\ColliderComponents</Filter>
    </ClCompile>
    <ClCompile Include="02_Script\ChipsSystem\Components\ColliderComponents\PlaneCollider.cpp">
      <Filter>소스 파일\ChipsEngine\ChipsSystem\Components\ColliderComponents</Filter>
    </ClCompile>
    <ClCompile Include="02_Script\ChipsSystem\Components\RendererComponents\PlaneRenderer.cpp">
      <Filter>소스 파일\ChipsEngine\ChipsSystem\Components\RendererComponents</Filter>
    </ClCompile>
    <ClCompile Include="02_Script\ChipsSystem\Etc\ChipsCallbacks.cpp">
      <Filter>소스 파일\ChipsEngine\ChipsSystem\Etc</Filter>
    </ClCompile>
    <ClCompile Include="IEngineFrame.cpp">
      <Filter>소스 파일\ChipsEngine\ChipsSystem\BasicFrame</Filter>
    </ClCompile>
    <ClCompile Include="02_Script\ChipsSystem\Etc\LayerMask.cpp">
      <Filter>소스 파일\ChipsEngine\ChipsSystem\Etc</Filter>
    </ClCompile>
    <ClCompile Include="02_Script\ChipsSystem\Components\RendererComponents\CapsuleRenderer.cpp">
      <Filter>소스 파일\ChipsEngine\ChipsSystem\Components\RendererComponents</Filter>
    </ClCompile>
    <ClCompile Include="02_Script\ChipsSystem\Components\ColliderComponents\ConvexMeshCollider.cpp">
      <Filter>소스 파일\ChipsEngine\ChipsSystem\Components\ColliderComponents</Filter>
    </ClCompile>
    <ClCompile Include="02_Script\ChipsSystem\Etc\Input.cpp">
      <Filter>소스 파일\ChipsEngine\ChipsSystem\Etc</Filter>
    </ClCompile>
    <ClCompile Include="02_Script\ChipsSystem\Manager\GraphicManager.cpp">
      <Filter>소스 파일\ChipsEngine\ChipsSystem\Manager</Filter>
    </ClCompile>
    <ClCompile Include="02_Script\ChipsSystem\Manager\BuildManager.cpp">
      <Filter>소스 파일\ChipsEngine\ChipsSystem\Manager</Filter>
    </ClCompile>
    <ClCompile Include="02_Script\ChipsSystem\Components\RendererComponents\SkinRenderer.cpp">
      <Filter>소스 파일\ChipsEngine\ChipsSystem\Components\RendererComponents</Filter>
    </ClCompile>
    <ClCompile Include="02_Script\ChipsSystem\Components\BaiscComponents\Animator.cpp">
      <Filter>소스 파일\ChipsEngine\ChipsSystem\Components\BasicComponents</Filter>
    </ClCompile>
    <ClCompile Include="02_Script\ChipsSystem\Components\BaiscComponents\AudioSource.cpp">
      <Filter>소스 파일\ChipsEngine\ChipsSystem\Components\BasicComponents</Filter>
    </ClCompile>
    <ClCompile Include="02_Script\ChipsEninge.cpp">
      <Filter>소스 파일\ChipsEngine</Filter>
    </ClCompile>
    <ClCompile Include="02_Script\ChipsSystem\Components\RendererComponents\QuadRenderer.cpp">
      <Filter>소스 파일\ChipsEngine\ChipsSystem\Components\RendererComponents</Filter>
    </ClCompile>
    <ClCompile Include="02_Script\Demo\Scene\HouseScene.cpp">
      <Filter>소스 파일\Demo\Scene</Filter>
    </ClCompile>
    <ClCompile Include="02_Script\Demo\Scene\StartScene.cpp">
      <Filter>소스 파일\Demo\Scene</Filter>
    </ClCompile>
  </ItemGroup>
  <ItemGroup>
    <ResourceCompile Include="ChipsEninge.rc">
      <Filter>리소스 파일</Filter>
    </ResourceCompile>
  </ItemGroup>
  <ItemGroup>
    <Image Include="small.ico">
      <Filter>리소스 파일</Filter>
    </Image>
    <Image Include="ChipsEninge.ico">
      <Filter>리소스 파일</Filter>
    </Image>
  </ItemGroup>
  <ItemGroup>
    <CustomBuild Include="01_Asset\Fx\BuildShadowMap.fx">
      <Filter>소스 파일\ChipsEngine\Fx</Filter>
    </CustomBuild>
    <CustomBuild Include="01_Asset\Fx\Particle.fx">
      <Filter>소스 파일\ChipsEngine\Fx</Filter>
    </CustomBuild>
    <CustomBuild Include="01_Asset\Fx\Sky.fx">
      <Filter>소스 파일\ChipsEngine\Fx</Filter>
    </CustomBuild>
    <CustomBuild Include="01_Asset\Fx\StandardShader.fx">
      <Filter>소스 파일\ChipsEngine\Fx</Filter>
    </CustomBuild>
    <CustomBuild Include="01_Asset\Fx\PostProcessing.fx">
      <Filter>소스 파일\ChipsEngine\Fx</Filter>
    </CustomBuild>
  </ItemGroup>
  <ItemGroup>
    <None Include="01_Asset\Fx\LightHelper.fx">
      <Filter>소스 파일\ChipsEngine\Fx</Filter>
    </None>
    <None Include="01_Asset\Fx\RaymarcingHelper.fx">
      <Filter>소스 파일\ChipsEngine\Fx</Filter>
    </None>
    <None Include="01_Asset\Fx\PostProcessingHelper.fx">
      <Filter>소스 파일\ChipsEngine\Fx</Filter>
    </None>
  </ItemGroup>
</Project>